
Microsoft Visual Studio Solution File, Format Version 12.00
# Visual Studio Version 17
VisualStudioVersion = 17.13.35806.99
MinimumVisualStudioVersion = 10.0.40219.1
Project("{FAE04EC0-301F-11D3-BF4B-00C04F79EFBC}") = "Server", "Server\Server.csproj", "{529C4C77-AFF0-4C87-87D8-2CC2A6B1A1EB}"
EndProject
Project("{FAE04EC0-301F-11D3-BF4B-00C04F79EFBC}") = "Tests", "Tests\Tests.csproj", "{EDEB786F-7B8A-422D-8429-B8F90ED2128A}"
EndProject
Global
	GlobalSection(SolutionConfigurationPlatforms) = preSolution
		Debug|Any CPU = Debug|Any CPU
		Release|Any CPU = Release|Any CPU
	EndGlobalSection
	GlobalSection(ProjectConfigurationPlatforms) = postSolution
		{529C4C77-AFF0-4C87-87D8-2CC2A6B1A1EB}.Debug|Any CPU.ActiveCfg = Debug|Any CPU
		{529C4C77-AFF0-4C87-87D8-2CC2A6B1A1EB}.Debug|Any CPU.Build.0 = Debug|Any CPU
		{529C4C77-AFF0-4C87-87D8-2CC2A6B1A1EB}.Release|Any CPU.ActiveCfg = Release|Any CPU
		{529C4C77-AFF0-4C87-87D8-2CC2A6B1A1EB}.Release|Any CPU.Build.0 = Release|Any CPU
		{EDEB786F-7B8A-422D-8429-B8F90ED2128A}.Debug|Any CPU.ActiveCfg = Debug|Any CPU
		{EDEB786F-7B8A-422D-8429-B8F90ED2128A}.Debug|Any CPU.Build.0 = Debug|Any CPU
		{EDEB786F-7B8A-422D-8429-B8F90ED2128A}.Release|Any CPU.ActiveCfg = Release|Any CPU
		{EDEB786F-7B8A-422D-8429-B8F90ED2128A}.Release|Any CPU.Build.0 = Release|Any CPU
	EndGlobalSection
	GlobalSection(SolutionProperties) = preSolution
		HideSolutionNode = FALSE
	EndGlobalSection
	GlobalSection(ExtensibilityGlobals) = postSolution
		SolutionGuid = {0E31F49C-472D-4D36-A4F8-5BC402BBBC05}
	EndGlobalSection
EndGlobal
